
Microsoft Visual Studio Solution File, Format Version 12.00
# Visual Studio 15
VisualStudioVersion = 15.0.26430.6
MinimumVisualStudioVersion = 10.0.40219.1
Project("{FAE04EC0-301F-11D3-BF4B-00C04F79EFBC}") = "Intcom.Domain", "Intcom.Domain\Intcom.Domain.csproj", "{30EC1568-AB43-4BBA-B9F8-FD01BC360C63}"
EndProject
Project("{2150E333-8FDC-42A3-9474-1A3956D46DE8}") = "1 - Presentation", "1 - Presentation", "{74595CAB-9B34-49C3-9720-ED4F7621C9CF}"
EndProject
Project("{2150E333-8FDC-42A3-9474-1A3956D46DE8}") = "2 - Application", "2 - Application", "{722A5D0F-739C-4411-BE3D-E2AA7C57A9DF}"
EndProject
Project("{2150E333-8FDC-42A3-9474-1A3956D46DE8}") = "3 - Services", "3 - Services", "{D5FD2552-02D8-4FBE-9D90-C28D8F245C87}"
EndProject
Project("{2150E333-8FDC-42A3-9474-1A3956D46DE8}") = "4 - Domain", "4 - Domain", "{874E503E-063E-4D49-85F4-68260CBB80DE}"
EndProject
Project("{2150E333-8FDC-42A3-9474-1A3956D46DE8}") = "5 - Infrastructure", "5 - Infrastructure", "{2201EC4F-A63B-48A6-8107-4F26E2E6B304}"
EndProject
Project("{2150E333-8FDC-42A3-9474-1A3956D46DE8}") = "6 - CrossCutting", "6 - CrossCutting", "{097CAB8D-D66C-4BAC-A90E-3FC17CE62078}"
EndProject
Project("{FAE04EC0-301F-11D3-BF4B-00C04F79EFBC}") = "Intcom.Infra.Data", "IntCom.Infra.Data\Intcom.Infra.Data.csproj", "{04A0391F-DDE0-4160-96C1-AE79C7B394FB}"
EndProject
Project("{FAE04EC0-301F-11D3-BF4B-00C04F79EFBC}") = "IntCom.MVC.Site", "IntCom.MVC.Site\IntCom.MVC.Site.csproj", "{EF96F388-7EA9-4AF9-A7A3-A62DCC0D5AF3}"
EndProject
Project("{FAE04EC0-301F-11D3-BF4B-00C04F79EFBC}") = "Intcom.Application", "Intcom.Application\Intcom.Application.csproj", "{B42BE97D-319F-4E11-9B27-509C38130BCD}"
EndProject
Project("{FAE04EC0-301F-11D3-BF4B-00C04F79EFBC}") = "Intcom.CrossCutting.IoC", "Intcom.CrossCutting.IoC\Intcom.CrossCutting.IoC.csproj", "{D2AA5A30-6708-4149-95C1-20AEC5EAD03C}"
EndProject
Project("{FAE04EC0-301F-11D3-BF4B-00C04F79EFBC}") = "IntCom.Services.AzureStorageService", "IntCom.Services.AzureStorageService\IntCom.Services.AzureStorageService.csproj", "{A3099646-7B26-4D64-8B45-D512F688D2F1}"
EndProject
Global
	GlobalSection(SolutionConfigurationPlatforms) = preSolution
		Debug|Any CPU = Debug|Any CPU
		Release|Any CPU = Release|Any CPU
	EndGlobalSection
	GlobalSection(ProjectConfigurationPlatforms) = postSolution
		{30EC1568-AB43-4BBA-B9F8-FD01BC360C63}.Debug|Any CPU.ActiveCfg = Debug|Any CPU
		{30EC1568-AB43-4BBA-B9F8-FD01BC360C63}.Debug|Any CPU.Build.0 = Debug|Any CPU
		{30EC1568-AB43-4BBA-B9F8-FD01BC360C63}.Release|Any CPU.ActiveCfg = Release|Any CPU
		{30EC1568-AB43-4BBA-B9F8-FD01BC360C63}.Release|Any CPU.Build.0 = Release|Any CPU
		{04A0391F-DDE0-4160-96C1-AE79C7B394FB}.Debug|Any CPU.ActiveCfg = Debug|Any CPU
		{04A0391F-DDE0-4160-96C1-AE79C7B394FB}.Debug|Any CPU.Build.0 = Debug|Any CPU
		{04A0391F-DDE0-4160-96C1-AE79C7B394FB}.Release|Any CPU.ActiveCfg = Release|Any CPU
		{04A0391F-DDE0-4160-96C1-AE79C7B394FB}.Release|Any CPU.Build.0 = Release|Any CPU
		{EF96F388-7EA9-4AF9-A7A3-A62DCC0D5AF3}.Debug|Any CPU.ActiveCfg = Debug|Any CPU
		{EF96F388-7EA9-4AF9-A7A3-A62DCC0D5AF3}.Debug|Any CPU.Build.0 = Debug|Any CPU
		{EF96F388-7EA9-4AF9-A7A3-A62DCC0D5AF3}.Release|Any CPU.ActiveCfg = Release|Any CPU
		{EF96F388-7EA9-4AF9-A7A3-A62DCC0D5AF3}.Release|Any CPU.Build.0 = Release|Any CPU
		{B42BE97D-319F-4E11-9B27-509C38130BCD}.Debug|Any CPU.ActiveCfg = Debug|Any CPU
		{B42BE97D-319F-4E11-9B27-509C38130BCD}.Debug|Any CPU.Build.0 = Debug|Any CPU
		{B42BE97D-319F-4E11-9B27-509C38130BCD}.Release|Any CPU.ActiveCfg = Release|Any CPU
		{B42BE97D-319F-4E11-9B27-509C38130BCD}.Release|Any CPU.Build.0 = Release|Any CPU
		{D2AA5A30-6708-4149-95C1-20AEC5EAD03C}.Debug|Any CPU.ActiveCfg = Debug|Any CPU
		{D2AA5A30-6708-4149-95C1-20AEC5EAD03C}.Debug|Any CPU.Build.0 = Debug|Any CPU
		{D2AA5A30-6708-4149-95C1-20AEC5EAD03C}.Release|Any CPU.ActiveCfg = Release|Any CPU
		{D2AA5A30-6708-4149-95C1-20AEC5EAD03C}.Release|Any CPU.Build.0 = Release|Any CPU
		{A3099646-7B26-4D64-8B45-D512F688D2F1}.Debug|Any CPU.ActiveCfg = Debug|Any CPU
		{A3099646-7B26-4D64-8B45-D512F688D2F1}.Debug|Any CPU.Build.0 = Debug|Any CPU
		{A3099646-7B26-4D64-8B45-D512F688D2F1}.Release|Any CPU.ActiveCfg = Release|Any CPU
		{A3099646-7B26-4D64-8B45-D512F688D2F1}.Release|Any CPU.Build.0 = Release|Any CPU
	EndGlobalSection
	GlobalSection(SolutionProperties) = preSolution
		HideSolutionNode = FALSE
	EndGlobalSection
	GlobalSection(NestedProjects) = preSolution
		{30EC1568-AB43-4BBA-B9F8-FD01BC360C63} = {874E503E-063E-4D49-85F4-68260CBB80DE}
		{04A0391F-DDE0-4160-96C1-AE79C7B394FB} = {2201EC4F-A63B-48A6-8107-4F26E2E6B304}
		{EF96F388-7EA9-4AF9-A7A3-A62DCC0D5AF3} = {74595CAB-9B34-49C3-9720-ED4F7621C9CF}
		{B42BE97D-319F-4E11-9B27-509C38130BCD} = {722A5D0F-739C-4411-BE3D-E2AA7C57A9DF}
		{D2AA5A30-6708-4149-95C1-20AEC5EAD03C} = {097CAB8D-D66C-4BAC-A90E-3FC17CE62078}
		{A3099646-7B26-4D64-8B45-D512F688D2F1} = {D5FD2552-02D8-4FBE-9D90-C28D8F245C87}
	EndGlobalSection
EndGlobal
